
Microsoft Visual Studio Solution File, Format Version 12.00
# Visual Studio Version 17
VisualStudioVersion = 17.9.34616.47
MinimumVisualStudioVersion = 10.0.40219.1
Project("{FAE04EC0-301F-11D3-BF4B-00C04F79EFBC}") = "Product-Catalog-Service", "Product-Catalog-Service\Product-Catalog-Service.csproj", "{22EB2083-F075-4158-A8E6-857168C0AF42}"
EndProject
Project("{FAE04EC0-301F-11D3-BF4B-00C04F79EFBC}") = "IventoryService", "IventoryService\IventoryService.csproj", "{1BF9CD61-6B10-4887-96E6-D58613B579F5}"
EndProject
Project("{FAE04EC0-301F-11D3-BF4B-00C04F79EFBC}") = "OrdersApi", "OrdersApi\OrdersApi.csproj", "{1A82C739-C955-43F5-8596-24AA8DF40764}"
EndProject
Project("{FAE04EC0-301F-11D3-BF4B-00C04F79EFBC}") = "domain", "domain\domain.csproj", "{A3B62017-5F95-4925-99F5-33CD9FDDB42C}"
EndProject
Project("{FAE04EC0-301F-11D3-BF4B-00C04F79EFBC}") = "PopulateAPI", "PopulateAPI\PopulateAPI.csproj", "{73957291-D11C-481A-B306-076A3C5CF49C}"
EndProject
Global
	GlobalSection(SolutionConfigurationPlatforms) = preSolution
		Debug|Any CPU = Debug|Any CPU
		Release|Any CPU = Release|Any CPU
	EndGlobalSection
	GlobalSection(ProjectConfigurationPlatforms) = postSolution
		{22EB2083-F075-4158-A8E6-857168C0AF42}.Debug|Any CPU.ActiveCfg = Debug|Any CPU
		{22EB2083-F075-4158-A8E6-857168C0AF42}.Debug|Any CPU.Build.0 = Debug|Any CPU
		{22EB2083-F075-4158-A8E6-857168C0AF42}.Release|Any CPU.ActiveCfg = Release|Any CPU
		{22EB2083-F075-4158-A8E6-857168C0AF42}.Release|Any CPU.Build.0 = Release|Any CPU
		{1BF9CD61-6B10-4887-96E6-D58613B579F5}.Debug|Any CPU.ActiveCfg = Debug|Any CPU
		{1BF9CD61-6B10-4887-96E6-D58613B579F5}.Debug|Any CPU.Build.0 = Debug|Any CPU
		{1BF9CD61-6B10-4887-96E6-D58613B579F5}.Release|Any CPU.ActiveCfg = Release|Any CPU
		{1BF9CD61-6B10-4887-96E6-D58613B579F5}.Release|Any CPU.Build.0 = Release|Any CPU
		{1A82C739-C955-43F5-8596-24AA8DF40764}.Debug|Any CPU.ActiveCfg = Debug|Any CPU
		{1A82C739-C955-43F5-8596-24AA8DF40764}.Debug|Any CPU.Build.0 = Debug|Any CPU
		{1A82C739-C955-43F5-8596-24AA8DF40764}.Release|Any CPU.ActiveCfg = Release|Any CPU
		{1A82C739-C955-43F5-8596-24AA8DF40764}.Release|Any CPU.Build.0 = Release|Any CPU
		{A3B62017-5F95-4925-99F5-33CD9FDDB42C}.Debug|Any CPU.ActiveCfg = Debug|Any CPU
		{A3B62017-5F95-4925-99F5-33CD9FDDB42C}.Debug|Any CPU.Build.0 = Debug|Any CPU
		{A3B62017-5F95-4925-99F5-33CD9FDDB42C}.Release|Any CPU.ActiveCfg = Release|Any CPU
		{A3B62017-5F95-4925-99F5-33CD9FDDB42C}.Release|Any CPU.Build.0 = Release|Any CPU
		{73957291-D11C-481A-B306-076A3C5CF49C}.Debug|Any CPU.ActiveCfg = Debug|Any CPU
		{73957291-D11C-481A-B306-076A3C5CF49C}.Debug|Any CPU.Build.0 = Debug|Any CPU
		{73957291-D11C-481A-B306-076A3C5CF49C}.Release|Any CPU.ActiveCfg = Release|Any CPU
		{73957291-D11C-481A-B306-076A3C5CF49C}.Release|Any CPU.Build.0 = Release|Any CPU
	EndGlobalSection
	GlobalSection(SolutionProperties) = preSolution
		HideSolutionNode = FALSE
	EndGlobalSection
	GlobalSection(ExtensibilityGlobals) = postSolution
		SolutionGuid = {DE75AB34-CAF0-4D6E-B87D-42A9F9F16D1F}
	EndGlobalSection
EndGlobal
